
Microsoft Visual Studio Solution File, Format Version 12.00
# Visual Studio Version 17
VisualStudioVersion = 17.10.35004.147
MinimumVisualStudioVersion = 10.0.40219.1
Project("{FAE04EC0-301F-11D3-BF4B-00C04F79EFBC}") = "OOPalapok", "OOPalapok\OOPalapok.csproj", "{044BF906-5058-4636-A080-1C86C4EC30CF}"
EndProject
Global
	GlobalSection(SolutionConfigurationPlatforms) = preSolution
		Debug|Any CPU = Debug|Any CPU
		Release|Any CPU = Release|Any CPU
	EndGlobalSection
	GlobalSection(ProjectConfigurationPlatforms) = postSolution
		{044BF906-5058-4636-A080-1C86C4EC30CF}.Debug|Any CPU.ActiveCfg = Debug|Any CPU
		{044BF906-5058-4636-A080-1C86C4EC30CF}.Debug|Any CPU.Build.0 = Debug|Any CPU
		{044BF906-5058-4636-A080-1C86C4EC30CF}.Release|Any CPU.ActiveCfg = Release|Any CPU
		{044BF906-5058-4636-A080-1C86C4EC30CF}.Release|Any CPU.Build.0 = Release|Any CPU
	EndGlobalSection
	GlobalSection(SolutionProperties) = preSolution
		HideSolutionNode = FALSE
	EndGlobalSection
	GlobalSection(ExtensibilityGlobals) = postSolution
		SolutionGuid = {1BAE9166-7C85-4049-999F-A71E7034F1FE}
	EndGlobalSection
EndGlobal
